
Microsoft Visual Studio Solution File, Format Version 12.00
# Visual Studio Version 17
VisualStudioVersion = 17.5.002.0
MinimumVisualStudioVersion = 10.0.40219.1
Project("{9A19103F-16F7-4668-BE54-9A1E7A4F7556}") = "SqsOpenTelemetryExample", "SqsOpenTelemetryExample.csproj", "{CEAFB15F-B405-46EE-B63B-A5A8E763F15B}"
EndProject
Global
	GlobalSection(SolutionConfigurationPlatforms) = preSolution
		Debug|Any CPU = Debug|Any CPU
		Release|Any CPU = Release|Any CPU
	EndGlobalSection
	GlobalSection(ProjectConfigurationPlatforms) = postSolution
		{CEAFB15F-B405-46EE-B63B-A5A8E763F15B}.Debug|Any CPU.ActiveCfg = Debug|Any CPU
		{CEAFB15F-B405-46EE-B63B-A5A8E763F15B}.Debug|Any CPU.Build.0 = Debug|Any CPU
		{CEAFB15F-B405-46EE-B63B-A5A8E763F15B}.Release|Any CPU.ActiveCfg = Release|Any CPU
		{CEAFB15F-B405-46EE-B63B-A5A8E763F15B}.Release|Any CPU.Build.0 = Release|Any CPU
	EndGlobalSection
	GlobalSection(SolutionProperties) = preSolution
		HideSolutionNode = FALSE
	EndGlobalSection
	GlobalSection(ExtensibilityGlobals) = postSolution
		SolutionGuid = {1004E9C4-2FCB-4180-935C-B6BB66579860}
	EndGlobalSection
EndGlobal
